
Microsoft Visual Studio Solution File, Format Version 12.00
# Visual Studio 15
VisualStudioVersion = 15.0.28307.779
MinimumVisualStudioVersion = 10.0.40219.1
Project("{9A19103F-16F7-4668-BE54-9A1E7A4F7556}") = "ContactsAPISample", "ContactsAPISample\ContactsAPISample.csproj", "{CB44C334-3FE6-425A-982D-A826FA48E24B}"
EndProject
Project("{2150E333-8FDC-42A3-9474-1A3956D46DE8}") = "Solution Items", "Solution Items", "{545333C0-99B2-47FD-A47D-0603A87C9E26}"
	ProjectSection(SolutionItems) = preProject
		readme.md = readme.md
	EndProjectSection
EndProject
Global
	GlobalSection(SolutionConfigurationPlatforms) = preSolution
		Debug|Any CPU = Debug|Any CPU
		Release|Any CPU = Release|Any CPU
	EndGlobalSection
	GlobalSection(ProjectConfigurationPlatforms) = postSolution
		{CB44C334-3FE6-425A-982D-A826FA48E24B}.Debug|Any CPU.ActiveCfg = Debug|Any CPU
		{CB44C334-3FE6-425A-982D-A826FA48E24B}.Debug|Any CPU.Build.0 = Debug|Any CPU
		{CB44C334-3FE6-425A-982D-A826FA48E24B}.Release|Any CPU.ActiveCfg = Release|Any CPU
		{CB44C334-3FE6-425A-982D-A826FA48E24B}.Release|Any CPU.Build.0 = Release|Any CPU
	EndGlobalSection
	GlobalSection(SolutionProperties) = preSolution
		HideSolutionNode = FALSE
	EndGlobalSection
	GlobalSection(ExtensibilityGlobals) = postSolution
		SolutionGuid = {16BDEB26-DC35-4F01-824E-97AF5D0D6437}
	EndGlobalSection
EndGlobal
